{
  "name": "@orbitmines/screeps",
  "lockfileVersion": 3,
  "requires": true,
  "packages": {
    "": {
      "name": "@orbitmines/screeps",
      "devDependencies": {
        "@types/lodash": "4.17.24",
        "@types/screeps": "^3.4.0",
        "typescript": "^5.4.5"
      }
    },
    "node_modules/@types/lodash": {
      "version": "4.17.24",
      "resolved": "https://registry.npmjs.org/@types/lodash/-/lodash-4.17.24.tgz",
      "integrity": "sha512-gIW7lQLZbue7lRSWEFql49QJJWThrTFFeIMJdp3eH4tKoxm1OvEPg02rm4wCCSHS0cL3/Fizimb35b7k8atwsQ==",
      "dev": true,
      "license": "MIT"
    },
    "node_modules/@types/screeps": {
      "version": "3.4.0",
      "resolved": "https://registry.npmjs.org/@types/screeps/-/screeps-3.4.0.tgz",
      "integrity": "sha512-rtgMFNRmBEvuZbrXIBFmu4wT3+SwW70M/F8FWocRHiDqTAEy1gsy4DrfZQY+f6aKbpIZ5JOe8EPwGKmQo/oiBA==",
      "dev": true,
      "license": "MIT"
    },
    "node_modules/typescript": {
      "version": "5.9.3",
      "resolved": "https://registry.npmjs.org/typescript/-/typescript-5.9.3.tgz",
      "integrity": "sha512-jl1vZzPDinLr9eUt3J/t7V6FgNEw9QjvBPdysz9KfQDD41fQrC2Y4vKQdiaUpFT4bXlb1RHhLpp8wtm6M5TgSw==",
      "dev": true,
      "license": "Apache-2.0",
      "bin": {
        "tsc": "bin/tsc",
        "tsserver": "bin/tsserver"
      },
      "engines": {
        "node": ">=14.17"
      }
    }
  }
}
